
Microsoft Visual Studio Solution File, Format Version 12.00
# Visual Studio 15
Project("{FAE04EC0-301F-11D3-BF4B-00C04F79EFBC}") = "Assembly-CSharp", "Assembly-CSharp.csproj", "{B5F3FE60-0678-0053-0200-4994E763D843}"
EndProject
Project("{FAE04EC0-301F-11D3-BF4B-00C04F79EFBC}") = "Assembly-CSharp-Editor", "Assembly-CSharp-Editor.csproj", "{D94D08C6-F56F-26B3-6EB2-CB8E2B5E81B0}"
EndProject
Global
	GlobalSection(SolutionConfigurationPlatforms) = preSolution
		Debug|Any CPU = Debug|Any CPU
		Release|Any CPU = Release|Any CPU
	EndGlobalSection
	GlobalSection(ProjectConfigurationPlatforms) = postSolution
		{B5F3FE60-0678-0053-0200-4994E763D843}.Debug|Any CPU.ActiveCfg = Debug|Any CPU
		{B5F3FE60-0678-0053-0200-4994E763D843}.Debug|Any CPU.Build.0 = Debug|Any CPU
		{B5F3FE60-0678-0053-0200-4994E763D843}.Release|Any CPU.ActiveCfg = Release|Any CPU
		{B5F3FE60-0678-0053-0200-4994E763D843}.Release|Any CPU.Build.0 = Release|Any CPU
		{D94D08C6-F56F-26B3-6EB2-CB8E2B5E81B0}.Debug|Any CPU.ActiveCfg = Debug|Any CPU
		{D94D08C6-F56F-26B3-6EB2-CB8E2B5E81B0}.Debug|Any CPU.Build.0 = Debug|Any CPU
		{D94D08C6-F56F-26B3-6EB2-CB8E2B5E81B0}.Release|Any CPU.ActiveCfg = Release|Any CPU
		{D94D08C6-F56F-26B3-6EB2-CB8E2B5E81B0}.Release|Any CPU.Build.0 = Release|Any CPU
	EndGlobalSection
	GlobalSection(SolutionProperties) = preSolution
		HideSolutionNode = FALSE
	EndGlobalSection
EndGlobal
